// !$*UTF8*$!
{
	archiveVersion = 1;
	classes = {
	};
	objectVersion = 51;
	objects = {

/* Begin PBXBuildFile section */
		3A5ADDD1779DC8731DA79EA8 /* Pods_AirVetMacy_AirVetMacyUITests.framework in Frameworks */ = {isa = PBXBuildFile; fileRef = CC2D91753A16B21CCE929BCB /* Pods_AirVetMacy_AirVetMacyUITests.framework */; };
		71B65F53044E0F8D286F4CE2 /* Pods_AirVetMacyTests.framework in Frameworks */ = {isa = PBXBuildFile; fileRef = 473E4CC482882AF707BA7C32 /* Pods_AirVetMacyTests.framework */; };
		924AF493B13B61C14B3F484A /* Pods_AirVetMacy.framework in Frameworks */ = {isa = PBXBuildFile; fileRef = 93D30BD5FD9B40E2A6C91D75 /* Pods_AirVetMacy.framework */; };
		EBE445D72708187B00452E2E /* AppDelegate.swift in Sources */ = {isa = PBXBuildFile; fileRef = EBE445D62708187B00452E2E /* AppDelegate.swift */; };
		EBE445D92708187B00452E2E /* SceneDelegate.swift in Sources */ = {isa = PBXBuildFile; fileRef = EBE445D82708187B00452E2E /* SceneDelegate.swift */; };
		EBE445E02708187D00452E2E /* Assets.xcassets in Resources */ = {isa = PBXBuildFile; fileRef = EBE445DF2708187D00452E2E /* Assets.xcassets */; };
		EBE445E32708187D00452E2E /* LaunchScreen.storyboard in Resources */ = {isa = PBXBuildFile; fileRef = EBE445E12708187D00452E2E /* LaunchScreen.storyboard */; };
		EBE445EE2708187D00452E2E /* AirVetMacyTests.swift in Sources */ = {isa = PBXBuildFile; fileRef = EBE445ED2708187D00452E2E /* AirVetMacyTests.swift */; };
		EBE445F92708187D00452E2E /* AirVetMacyUITests.swift in Sources */ = {isa = PBXBuildFile; fileRef = EBE445F82708187D00452E2E /* AirVetMacyUITests.swift */; };
		EBE446092708195200452E2E /* AppCoordinator.swift in Sources */ = {isa = PBXBuildFile; fileRef = EBE446072708195200452E2E /* AppCoordinator.swift */; };
		EBE4460A2708195200452E2E /* Coordinator.swift in Sources */ = {isa = PBXBuildFile; fileRef = EBE446082708195200452E2E /* Coordinator.swift */; };
		EBE4460D27081A2B00452E2E /* MainCoordinator.swift in Sources */ = {isa = PBXBuildFile; fileRef = EBE4460C27081A2B00452E2E /* MainCoordinator.swift */; };
		EBE4461027081A4D00452E2E /* UIStoryboard+Extensions.swift in Sources */ = {isa = PBXBuildFile; fileRef = EBE4460F27081A4D00452E2E /* UIStoryboard+Extensions.swift */; };
		EBE4461227081ABC00452E2E /* Main.storyboard in Resources */ = {isa = PBXBuildFile; fileRef = EBE4461127081ABC00452E2E /* Main.storyboard */; };
		EBE4461527081E1900452E2E /* YelpFusionAPIService.swift in Sources */ = {isa = PBXBuildFile; fileRef = EBE4461427081E1900452E2E /* YelpFusionAPIService.swift */; };
		EBE446182708CBD300452E2E /* Business.swift in Sources */ = {isa = PBXBuildFile; fileRef = EBE446172708CBD300452E2E /* Business.swift */; };
		EBE4461A2708CC3F00452E2E /* YelpCategory.swift in Sources */ = {isa = PBXBuildFile; fileRef = EBE446192708CC3F00452E2E /* YelpCategory.swift */; };
		EBE4461C2708CC6400452E2E /* Center.swift in Sources */ = {isa = PBXBuildFile; fileRef = EBE4461B2708CC6400452E2E /* Center.swift */; };
		EBE4461E2708CC8500452E2E /* Coordinates.swift in Sources */ = {isa = PBXBuildFile; fileRef = EBE4461D2708CC8500452E2E /* Coordinates.swift */; };
		EBE446202708CCA000452E2E /* BusinessSearchResponse.swift in Sources */ = {isa = PBXBuildFile; fileRef = EBE4461F2708CCA000452E2E /* BusinessSearchResponse.swift */; };
		EBE446222708CCC300452E2E /* Region.swift in Sources */ = {isa = PBXBuildFile; fileRef = EBE446212708CCC300452E2E /* Region.swift */; };
		EBE446242708CCE800452E2E /* Location.swift in Sources */ = {isa = PBXBuildFile; fileRef = EBE446232708CCE800452E2E /* Location.swift */; };
		EBE446262708D1B000452E2E /* LocationService.swift in Sources */ = {isa = PBXBuildFile; fileRef = EBE446252708D1B000452E2E /* LocationService.swift */; };
		EBE4462827090CEE00452E2E /* BusinessListViewController.swift in Sources */ = {isa = PBXBuildFile; fileRef = EBE4462727090CEE00452E2E /* BusinessListViewController.swift */; };
		EBE4462A27090D2000452E2E /* BusinessListViewModel.swift in Sources */ = {isa = PBXBuildFile; fileRef = EBE4462927090D2000452E2E /* BusinessListViewModel.swift */; };
/* End PBXBuildFile section */

/* Begin PBXContainerItemProxy section */
		EBE445EA2708187D00452E2E /* PBXContainerItemProxy */ = {
			isa = PBXContainerItemProxy;
			containerPortal = EBE445CB2708187B00452E2E /* Project object */;
			proxyType = 1;
			remoteGlobalIDString = EBE445D22708187B00452E2E;
			remoteInfo = AirVetMacy;
		};
		EBE445F52708187D00452E2E /* PBXContainerItemProxy */ = {
			isa = PBXContainerItemProxy;
			containerPortal = EBE445CB2708187B00452E2E /* Project object */;
			proxyType = 1;
			remoteGlobalIDString = EBE445D22708187B00452E2E;
			remoteInfo = AirVetMacy;
		};
/* End PBXContainerItemProxy section */

/* Begin PBXFileReference section */
		14131E6368051D2F814CEF88 /* Pods-AirVetMacyTests.release.xcconfig */ = {isa = PBXFileReference; includeInIndex = 1; lastKnownFileType = text.xcconfig; name = "Pods-AirVetMacyTests.release.xcconfig"; path = "Target Support Files/Pods-AirVetMacyTests/Pods-AirVetMacyTests.release.xcconfig"; sourceTree = "<group>"; };
		2F93B7C5EF150072F1E80293 /* Pods-AirVetMacy-AirVetMacyUITests.debug.xcconfig */ = {isa = PBXFileReference; includeInIndex = 1; lastKnownFileType = text.xcconfig; name = "Pods-AirVetMacy-AirVetMacyUITests.debug.xcconfig"; path = "Target Support Files/Pods-AirVetMacy-AirVetMacyUITests/Pods-AirVetMacy-AirVetMacyUITests.debug.xcconfig"; sourceTree = "<group>"; };
		473E4CC482882AF707BA7C32 /* Pods_AirVetMacyTests.framework */ = {isa = PBXFileReference; explicitFileType = wrapper.framework; includeInIndex = 0; path = Pods_AirVetMacyTests.framework; sourceTree = BUILT_PRODUCTS_DIR; };
		93D30BD5FD9B40E2A6C91D75 /* Pods_AirVetMacy.framework */ = {isa = PBXFileReference; explicitFileType = wrapper.framework; includeInIndex = 0; path = Pods_AirVetMacy.framework; sourceTree = BUILT_PRODUCTS_DIR; };
		B4DAF6D8354159B26AFEA293 /* Pods-AirVetMacy.release.xcconfig */ = {isa = PBXFileReference; includeInIndex = 1; lastKnownFileType = text.xcconfig; name = "Pods-AirVetMacy.release.xcconfig"; path = "Target Support Files/Pods-AirVetMacy/Pods-AirVetMacy.release.xcconfig"; sourceTree = "<group>"; };
		C195382DC77E13F997A719B7 /* Pods-AirVetMacy-AirVetMacyUITests.release.xcconfig */ = {isa = PBXFileReference; includeInIndex = 1; lastKnownFileType = text.xcconfig; name = "Pods-AirVetMacy-AirVetMacyUITests.release.xcconfig"; path = "Target Support Files/Pods-AirVetMacy-AirVetMacyUITests/Pods-AirVetMacy-AirVetMacyUITests.release.xcconfig"; sourceTree = "<group>"; };
		CC2D91753A16B21CCE929BCB /* Pods_AirVetMacy_AirVetMacyUITests.framework */ = {isa = PBXFileReference; explicitFileType = wrapper.framework; includeInIndex = 0; path = Pods_AirVetMacy_AirVetMacyUITests.framework; sourceTree = BUILT_PRODUCTS_DIR; };
		EBE445D32708187B00452E2E /* AirVetMacy.app */ = {isa = PBXFileReference; explicitFileType = wrapper.application; includeInIndex = 0; path = AirVetMacy.app; sourceTree = BUILT_PRODUCTS_DIR; };
		EBE445D62708187B00452E2E /* AppDelegate.swift */ = {isa = PBXFileReference; lastKnownFileType = sourcecode.swift; path = AppDelegate.swift; sourceTree = "<group>"; };
		EBE445D82708187B00452E2E /* SceneDelegate.swift */ = {isa = PBXFileReference; lastKnownFileType = sourcecode.swift; path = SceneDelegate.swift; sourceTree = "<group>"; };
		EBE445DF2708187D00452E2E /* Assets.xcassets */ = {isa = PBXFileReference; lastKnownFileType = folder.assetcatalog; path = Assets.xcassets; sourceTree = "<group>"; };
		EBE445E22708187D00452E2E /* Base */ = {isa = PBXFileReference; lastKnownFileType = file.storyboard; name = Base; path = Base.lproj/LaunchScreen.storyboard; sourceTree = "<group>"; };
		EBE445E42708187D00452E2E /* Info.plist */ = {isa = PBXFileReference; lastKnownFileType = text.plist.xml; path = Info.plist; sourceTree = "<group>"; };
		EBE445E92708187D00452E2E /* AirVetMacyTests.xctest */ = {isa = PBXFileReference; explicitFileType = wrapper.cfbundle; includeInIndex = 0; path = AirVetMacyTests.xctest; sourceTree = BUILT_PRODUCTS_DIR; };
		EBE445ED2708187D00452E2E /* AirVetMacyTests.swift */ = {isa = PBXFileReference; lastKnownFileType = sourcecode.swift; path = AirVetMacyTests.swift; sourceTree = "<group>"; };
		EBE445EF2708187D00452E2E /* Info.plist */ = {isa = PBXFileReference; lastKnownFileType = text.plist.xml; path = Info.plist; sourceTree = "<group>"; };
		EBE445F42708187D00452E2E /* AirVetMacyUITests.xctest */ = {isa = PBXFileReference; explicitFileType = wrapper.cfbundle; includeInIndex = 0; path = AirVetMacyUITests.xctest; sourceTree = BUILT_PRODUCTS_DIR; };
		EBE445F82708187D00452E2E /* AirVetMacyUITests.swift */ = {isa = PBXFileReference; lastKnownFileType = sourcecode.swift; path = AirVetMacyUITests.swift; sourceTree = "<group>"; };
		EBE445FA2708187D00452E2E /* Info.plist */ = {isa = PBXFileReference; lastKnownFileType = text.plist.xml; path = Info.plist; sourceTree = "<group>"; };
		EBE446072708195200452E2E /* AppCoordinator.swift */ = {isa = PBXFileReference; fileEncoding = 4; lastKnownFileType = sourcecode.swift; path = AppCoordinator.swift; sourceTree = "<group>"; };
		EBE446082708195200452E2E /* Coordinator.swift */ = {isa = PBXFileReference; fileEncoding = 4; lastKnownFileType = sourcecode.swift; path = Coordinator.swift; sourceTree = "<group>"; };
		EBE4460C27081A2B00452E2E /* MainCoordinator.swift */ = {isa = PBXFileReference; fileEncoding = 4; lastKnownFileType = sourcecode.swift; path = MainCoordinator.swift; sourceTree = "<group>"; };
		EBE4460F27081A4D00452E2E /* UIStoryboard+Extensions.swift */ = {isa = PBXFileReference; fileEncoding = 4; lastKnownFileType = sourcecode.swift; path = "UIStoryboard+Extensions.swift"; sourceTree = "<group>"; };
		EBE4461127081ABC00452E2E /* Main.storyboard */ = {isa = PBXFileReference; fileEncoding = 4; lastKnownFileType = file.storyboard; path = Main.storyboard; sourceTree = "<group>"; };
		EBE4461427081E1900452E2E /* YelpFusionAPIService.swift */ = {isa = PBXFileReference; lastKnownFileType = sourcecode.swift; path = YelpFusionAPIService.swift; sourceTree = "<group>"; };
		EBE446172708CBD300452E2E /* Business.swift */ = {isa = PBXFileReference; lastKnownFileType = sourcecode.swift; path = Business.swift; sourceTree = "<group>"; };
		EBE446192708CC3F00452E2E /* YelpCategory.swift */ = {isa = PBXFileReference; lastKnownFileType = sourcecode.swift; path = YelpCategory.swift; sourceTree = "<group>"; };
		EBE4461B2708CC6400452E2E /* Center.swift */ = {isa = PBXFileReference; lastKnownFileType = sourcecode.swift; path = Center.swift; sourceTree = "<group>"; };
		EBE4461D2708CC8500452E2E /* Coordinates.swift */ = {isa = PBXFileReference; lastKnownFileType = sourcecode.swift; path = Coordinates.swift; sourceTree = "<group>"; };
		EBE4461F2708CCA000452E2E /* BusinessSearchResponse.swift */ = {isa = PBXFileReference; lastKnownFileType = sourcecode.swift; path = BusinessSearchResponse.swift; sourceTree = "<group>"; };
		EBE446212708CCC300452E2E /* Region.swift */ = {isa = PBXFileReference; lastKnownFileType = sourcecode.swift; path = Region.swift; sourceTree = "<group>"; };
		EBE446232708CCE800452E2E /* Location.swift */ = {isa = PBXFileReference; lastKnownFileType = sourcecode.swift; path = Location.swift; sourceTree = "<group>"; };
		EBE446252708D1B000452E2E /* LocationService.swift */ = {isa = PBXFileReference; lastKnownFileType = sourcecode.swift; path = LocationService.swift; sourceTree = "<group>"; };
		EBE4462727090CEE00452E2E /* BusinessListViewController.swift */ = {isa = PBXFileReference; lastKnownFileType = sourcecode.swift; path = BusinessListViewController.swift; sourceTree = "<group>"; };
		EBE4462927090D2000452E2E /* BusinessListViewModel.swift */ = {isa = PBXFileReference; lastKnownFileType = sourcecode.swift; path = BusinessListViewModel.swift; sourceTree = "<group>"; };
		F438B162414CC261D7D7C104 /* Pods-AirVetMacyTests.debug.xcconfig */ = {isa = PBXFileReference; includeInIndex = 1; lastKnownFileType = text.xcconfig; name = "Pods-AirVetMacyTests.debug.xcconfig"; path = "Target Support Files/Pods-AirVetMacyTests/Pods-AirVetMacyTests.debug.xcconfig"; sourceTree = "<group>"; };
		FB0CEEA1ECB600F977125371 /* Pods-AirVetMacy.debug.xcconfig */ = {isa = PBXFileReference; includeInIndex = 1; lastKnownFileType = text.xcconfig; name = "Pods-AirVetMacy.debug.xcconfig"; path = "Target Support Files/Pods-AirVetMacy/Pods-AirVetMacy.debug.xcconfig"; sourceTree = "<group>"; };
/* End PBXFileReference section */

/* Begin PBXFrameworksBuildPhase section */
		EBE445D02708187B00452E2E /* Frameworks */ = {
			isa = PBXFrameworksBuildPhase;
			buildActionMask = 2147483647;
			files = (
				924AF493B13B61C14B3F484A /* Pods_AirVetMacy.framework in Frameworks */,
			);
			runOnlyForDeploymentPostprocessing = 0;
		};
		EBE445E62708187D00452E2E /* Frameworks */ = {
			isa = PBXFrameworksBuildPhase;
			buildActionMask = 2147483647;
			files = (
				71B65F53044E0F8D286F4CE2 /* Pods_AirVetMacyTests.framework in Frameworks */,
			);
			runOnlyForDeploymentPostprocessing = 0;
		};
		EBE445F12708187D00452E2E /* Frameworks */ = {
			isa = PBXFrameworksBuildPhase;
			buildActionMask = 2147483647;
			files = (
				3A5ADDD1779DC8731DA79EA8 /* Pods_AirVetMacy_AirVetMacyUITests.framework in Frameworks */,
			);
			runOnlyForDeploymentPostprocessing = 0;
		};
/* End PBXFrameworksBuildPhase section */

/* Begin PBXGroup section */
		EBE445CA2708187B00452E2E = {
			isa = PBXGroup;
			children = (
				EBE445D52708187B00452E2E /* AirVetMacy */,
				EBE445EC2708187D00452E2E /* AirVetMacyTests */,
				EBE445F72708187D00452E2E /* AirVetMacyUITests */,
				EBE445D42708187B00452E2E /* Products */,
				FC42016B7D1A6F2B0E054E5B /* Pods */,
				F8246DF0F1279F19DC32CF46 /* Frameworks */,
			);
			sourceTree = "<group>";
		};
		EBE445D42708187B00452E2E /* Products */ = {
			isa = PBXGroup;
			children = (
				EBE445D32708187B00452E2E /* AirVetMacy.app */,
				EBE445E92708187D00452E2E /* AirVetMacyTests.xctest */,
				EBE445F42708187D00452E2E /* AirVetMacyUITests.xctest */,
			);
			name = Products;
			sourceTree = "<group>";
		};
		EBE445D52708187B00452E2E /* AirVetMacy */ = {
			isa = PBXGroup;
			children = (
				EBE446162708CBC300452E2E /* Model */,
				EBE4461327081D3800452E2E /* Services */,
				EBE4460E27081A4100452E2E /* Extensions */,
				EBE4460B2708198500452E2E /* Main */,
				EBE446062708195200452E2E /* Coordination */,
				EBE445D62708187B00452E2E /* AppDelegate.swift */,
				EBE445D82708187B00452E2E /* SceneDelegate.swift */,
				EBE445DF2708187D00452E2E /* Assets.xcassets */,
				EBE445E12708187D00452E2E /* LaunchScreen.storyboard */,
				EBE445E42708187D00452E2E /* Info.plist */,
			);
			path = AirVetMacy;
			sourceTree = "<group>";
		};
		EBE445EC2708187D00452E2E /* AirVetMacyTests */ = {
			isa = PBXGroup;
			children = (
				EBE445ED2708187D00452E2E /* AirVetMacyTests.swift */,
				EBE445EF2708187D00452E2E /* Info.plist */,
			);
			path = AirVetMacyTests;
			sourceTree = "<group>";
		};
		EBE445F72708187D00452E2E /* AirVetMacyUITests */ = {
			isa = PBXGroup;
			children = (
				EBE445F82708187D00452E2E /* AirVetMacyUITests.swift */,
				EBE445FA2708187D00452E2E /* Info.plist */,
			);
			path = AirVetMacyUITests;
			sourceTree = "<group>";
		};
		EBE446062708195200452E2E /* Coordination */ = {
			isa = PBXGroup;
			children = (
				EBE446072708195200452E2E /* AppCoordinator.swift */,
				EBE446082708195200452E2E /* Coordinator.swift */,
			);
			path = Coordination;
			sourceTree = "<group>";
		};
		EBE4460B2708198500452E2E /* Main */ = {
			isa = PBXGroup;
			children = (
				EBE4462B27090D2300452E2E /* BusinessList */,
				EBE4461127081ABC00452E2E /* Main.storyboard */,
				EBE4460C27081A2B00452E2E /* MainCoordinator.swift */,
			);
			path = Main;
			sourceTree = "<group>";
		};
		EBE4460E27081A4100452E2E /* Extensions */ = {
			isa = PBXGroup;
			children = (
				EBE4460F27081A4D00452E2E /* UIStoryboard+Extensions.swift */,
			);
			path = Extensions;
			sourceTree = "<group>";
		};
		EBE4461327081D3800452E2E /* Services */ = {
			isa = PBXGroup;
			children = (
				EBE4461427081E1900452E2E /* YelpFusionAPIService.swift */,
				EBE446252708D1B000452E2E /* LocationService.swift */,
			);
			path = Services;
			sourceTree = "<group>";
		};
		EBE446162708CBC300452E2E /* Model */ = {
			isa = PBXGroup;
			children = (
				EBE446172708CBD300452E2E /* Business.swift */,
				EBE446192708CC3F00452E2E /* YelpCategory.swift */,
				EBE4461B2708CC6400452E2E /* Center.swift */,
				EBE4461D2708CC8500452E2E /* Coordinates.swift */,
				EBE4461F2708CCA000452E2E /* BusinessSearchResponse.swift */,
				EBE446212708CCC300452E2E /* Region.swift */,
				EBE446232708CCE800452E2E /* Location.swift */,
			);
			path = Model;
			sourceTree = "<group>";
		};
		EBE4462B27090D2300452E2E /* BusinessList */ = {
			isa = PBXGroup;
			children = (
				EBE4462727090CEE00452E2E /* BusinessListViewController.swift */,
				EBE4462927090D2000452E2E /* BusinessListViewModel.swift */,
			);
			path = BusinessList;
			sourceTree = "<group>";
		};
		F8246DF0F1279F19DC32CF46 /* Frameworks */ = {
			isa = PBXGroup;
			children = (
				93D30BD5FD9B40E2A6C91D75 /* Pods_AirVetMacy.framework */,
				CC2D91753A16B21CCE929BCB /* Pods_AirVetMacy_AirVetMacyUITests.framework */,
				473E4CC482882AF707BA7C32 /* Pods_AirVetMacyTests.framework */,
			);
			name = Frameworks;
			sourceTree = "<group>";
		};
		FC42016B7D1A6F2B0E054E5B /* Pods */ = {
			isa = PBXGroup;
			children = (
				FB0CEEA1ECB600F977125371 /* Pods-AirVetMacy.debug.xcconfig */,
				B4DAF6D8354159B26AFEA293 /* Pods-AirVetMacy.release.xcconfig */,
				2F93B7C5EF150072F1E80293 /* Pods-AirVetMacy-AirVetMacyUITests.debug.xcconfig */,
				C195382DC77E13F997A719B7 /* Pods-AirVetMacy-AirVetMacyUITests.release.xcconfig */,
				F438B162414CC261D7D7C104 /* Pods-AirVetMacyTests.debug.xcconfig */,
				14131E6368051D2F814CEF88 /* Pods-AirVetMacyTests.release.xcconfig */,
			);
			path = Pods;
			sourceTree = "<group>";
		};
/* End PBXGroup section */

/* Begin PBXNativeTarget section */
		EBE445D22708187B00452E2E /* AirVetMacy */ = {
			isa = PBXNativeTarget;
			buildConfigurationList = EBE445FD2708187D00452E2E /* Build configuration list for PBXNativeTarget "AirVetMacy" */;
			buildPhases = (
				6F14ED5DD10BB1F0D7C3C0FA /* [CP] Check Pods Manifest.lock */,
				EBE445CF2708187B00452E2E /* Sources */,
				EBE445D02708187B00452E2E /* Frameworks */,
				EBE445D12708187B00452E2E /* Resources */,
				6842C8A9E14443F466CE9217 /* [CP] Embed Pods Frameworks */,
			);
			buildRules = (
			);
			dependencies = (
			);
			name = AirVetMacy;
			productName = AirVetMacy;
			productReference = EBE445D32708187B00452E2E /* AirVetMacy.app */;
			productType = "com.apple.product-type.application";
		};
		EBE445E82708187D00452E2E /* AirVetMacyTests */ = {
			isa = PBXNativeTarget;
			buildConfigurationList = EBE446002708187D00452E2E /* Build configuration list for PBXNativeTarget "AirVetMacyTests" */;
			buildPhases = (
				936F4EC0ED4F11B653B9236D /* [CP] Check Pods Manifest.lock */,
				EBE445E52708187D00452E2E /* Sources */,
				EBE445E62708187D00452E2E /* Frameworks */,
				EBE445E72708187D00452E2E /* Resources */,
			);
			buildRules = (
			);
			dependencies = (
				EBE445EB2708187D00452E2E /* PBXTargetDependency */,
			);
			name = AirVetMacyTests;
			productName = AirVetMacyTests;
			productReference = EBE445E92708187D00452E2E /* AirVetMacyTests.xctest */;
			productType = "com.apple.product-type.bundle.unit-test";
		};
		EBE445F32708187D00452E2E /* AirVetMacyUITests */ = {
			isa = PBXNativeTarget;
			buildConfigurationList = EBE446032708187D00452E2E /* Build configuration list for PBXNativeTarget "AirVetMacyUITests" */;
			buildPhases = (
				0F71F87E311E846007D29826 /* [CP] Check Pods Manifest.lock */,
				EBE445F02708187D00452E2E /* Sources */,
				EBE445F12708187D00452E2E /* Frameworks */,
				EBE445F22708187D00452E2E /* Resources */,
				0D11D4D29D9E3827A8F46D9B /* [CP] Embed Pods Frameworks */,
			);
			buildRules = (
			);
			dependencies = (
				EBE445F62708187D00452E2E /* PBXTargetDependency */,
			);
			name = AirVetMacyUITests;
			productName = AirVetMacyUITests;
			productReference = EBE445F42708187D00452E2E /* AirVetMacyUITests.xctest */;
			productType = "com.apple.product-type.bundle.ui-testing";
		};
/* End PBXNativeTarget section */

/* Begin PBXProject section */
		EBE445CB2708187B00452E2E /* Project object */ = {
			isa = PBXProject;
			attributes = {
				LastSwiftUpdateCheck = 1250;
				LastUpgradeCheck = 1250;
				TargetAttributes = {
					EBE445D22708187B00452E2E = {
						CreatedOnToolsVersion = 12.5.1;
					};
					EBE445E82708187D00452E2E = {
						CreatedOnToolsVersion = 12.5.1;
						TestTargetID = EBE445D22708187B00452E2E;
					};
					EBE445F32708187D00452E2E = {
						CreatedOnToolsVersion = 12.5.1;
						TestTargetID = EBE445D22708187B00452E2E;
					};
				};
			};
			buildConfigurationList = EBE445CE2708187B00452E2E /* Build configuration list for PBXProject "AirVetMacy" */;
			compatibilityVersion = "Xcode 9.3";
			developmentRegion = en;
			hasScannedForEncodings = 0;
			knownRegions = (
				en,
				Base,
			);
			mainGroup = EBE445CA2708187B00452E2E;
			productRefGroup = EBE445D42708187B00452E2E /* Products */;
			projectDirPath = "";
			projectRoot = "";
			targets = (
				EBE445D22708187B00452E2E /* AirVetMacy */,
				EBE445E82708187D00452E2E /* AirVetMacyTests */,
				EBE445F32708187D00452E2E /* AirVetMacyUITests */,
			);
		};
/* End PBXProject section */

/* Begin PBXResourcesBuildPhase section */
		EBE445D12708187B00452E2E /* Resources */ = {
			isa = PBXResourcesBuildPhase;
			buildActionMask = 2147483647;
			files = (
				EBE4461227081ABC00452E2E /* Main.storyboard in Resources */,
				EBE445E32708187D00452E2E /* LaunchScreen.storyboard in Resources */,
				EBE445E02708187D00452E2E /* Assets.xcassets in Resources */,
			);
			runOnlyForDeploymentPostprocessing = 0;
		};
		EBE445E72708187D00452E2E /* Resources */ = {
			isa = PBXResourcesBuildPhase;
			buildActionMask = 2147483647;
			files = (
			);
			runOnlyForDeploymentPostprocessing = 0;
		};
		EBE445F22708187D00452E2E /* Resources */ = {
			isa = PBXResourcesBuildPhase;
			buildActionMask = 2147483647;
			files = (
			);
			runOnlyForDeploymentPostprocessing = 0;
		};
/* End PBXResourcesBuildPhase section */

/* Begin PBXShellScriptBuildPhase section */
		0D11D4D29D9E3827A8F46D9B /* [CP] Embed Pods Frameworks */ = {
			isa = PBXShellScriptBuildPhase;
			buildActionMask = 2147483647;
			files = (
			);
			inputFileListPaths = (
				"${PODS_ROOT}/Target Support Files/Pods-AirVetMacy-AirVetMacyUITests/Pods-AirVetMacy-AirVetMacyUITests-frameworks-${CONFIGURATION}-input-files.xcfilelist",
			);
			name = "[CP] Embed Pods Frameworks";
			outputFileListPaths = (
				"${PODS_ROOT}/Target Support Files/Pods-AirVetMacy-AirVetMacyUITests/Pods-AirVetMacy-AirVetMacyUITests-frameworks-${CONFIGURATION}-output-files.xcfilelist",
			);
			runOnlyForDeploymentPostprocessing = 0;
			shellPath = /bin/sh;
			shellScript = "\"${PODS_ROOT}/Target Support Files/Pods-AirVetMacy-AirVetMacyUITests/Pods-AirVetMacy-AirVetMacyUITests-frameworks.sh\"\n";
			showEnvVarsInLog = 0;
		};
		0F71F87E311E846007D29826 /* [CP] Check Pods Manifest.lock */ = {
			isa = PBXShellScriptBuildPhase;
			buildActionMask = 2147483647;
			files = (
			);
			inputFileListPaths = (
			);
			inputPaths = (
				"${PODS_PODFILE_DIR_PATH}/Podfile.lock",
				"${PODS_ROOT}/Manifest.lock",
			);
			name = "[CP] Check Pods Manifest.lock";
			outputFileListPaths = (
			);
			outputPaths = (
				"$(DERIVED_FILE_DIR)/Pods-AirVetMacy-AirVetMacyUITests-checkManifestLockResult.txt",
			);
			runOnlyForDeploymentPostprocessing = 0;
			shellPath = /bin/sh;
			shellScript = "diff \"${PODS_PODFILE_DIR_PATH}/Podfile.lock\" \"${PODS_ROOT}/Manifest.lock\" > /dev/null\nif [ $? != 0 ] ; then\n    # print error to STDERR\n    echo \"error: The sandbox is not in sync with the Podfile.lock. Run 'pod install' or update your CocoaPods installation.\" >&2\n    exit 1\nfi\n# This output is used by Xcode 'outputs' to avoid re-running this script phase.\necho \"SUCCESS\" > \"${SCRIPT_OUTPUT_FILE_0}\"\n";
			showEnvVarsInLog = 0;
		};
		6842C8A9E14443F466CE9217 /* [CP] Embed Pods Frameworks */ = {
			isa = PBXShellScriptBuildPhase;
			buildActionMask = 2147483647;
			files = (
			);
			inputFileListPaths = (
				"${PODS_ROOT}/Target Support Files/Pods-AirVetMacy/Pods-AirVetMacy-frameworks-${CONFIGURATION}-input-files.xcfilelist",
			);
			name = "[CP] Embed Pods Frameworks";
			outputFileListPaths = (
				"${PODS_ROOT}/Target Support Files/Pods-AirVetMacy/Pods-AirVetMacy-frameworks-${CONFIGURATION}-output-files.xcfilelist",
			);
			runOnlyForDeploymentPostprocessing = 0;
			shellPath = /bin/sh;
			shellScript = "\"${PODS_ROOT}/Target Support Files/Pods-AirVetMacy/Pods-AirVetMacy-frameworks.sh\"\n";
			showEnvVarsInLog = 0;
		};
		6F14ED5DD10BB1F0D7C3C0FA /* [CP] Check Pods Manifest.lock */ = {
			isa = PBXShellScriptBuildPhase;
			buildActionMask = 2147483647;
			files = (
			);
			inputFileListPaths = (
			);
			inputPaths = (
				"${PODS_PODFILE_DIR_PATH}/Podfile.lock",
				"${PODS_ROOT}/Manifest.lock",
			);
			name = "[CP] Check Pods Manifest.lock";
			outputFileListPaths = (
			);
			outputPaths = (
				"$(DERIVED_FILE_DIR)/Pods-AirVetMacy-checkManifestLockResult.txt",
			);
			runOnlyForDeploymentPostprocessing = 0;
			shellPath = /bin/sh;
			shellScript = "diff \"${PODS_PODFILE_DIR_PATH}/Podfile.lock\" \"${PODS_ROOT}/Manifest.lock\" > /dev/null\nif [ $? != 0 ] ; then\n    # print error to STDERR\n    echo \"error: The sandbox is not in sync with the Podfile.lock. Run 'pod install' or update your CocoaPods installation.\" >&2\n    exit 1\nfi\n# This output is used by Xcode 'outputs' to avoid re-running this script phase.\necho \"SUCCESS\" > \"${SCRIPT_OUTPUT_FILE_0}\"\n";
			showEnvVarsInLog = 0;
		};
		936F4EC0ED4F11B653B9236D /* [CP] Check Pods Manifest.lock */ = {
			isa = PBXShellScriptBuildPhase;
			buildActionMask = 2147483647;
			files = (
			);
			inputFileListPaths = (
			);
			inputPaths = (
				"${PODS_PODFILE_DIR_PATH}/Podfile.lock",
				"${PODS_ROOT}/Manifest.lock",
			);
			name = "[CP] Check Pods Manifest.lock";
			outputFileListPaths = (
			);
			outputPaths = (
				"$(DERIVED_FILE_DIR)/Pods-AirVetMacyTests-checkManifestLockResult.txt",
			);
			runOnlyForDeploymentPostprocessing = 0;
			shellPath = /bin/sh;
			shellScript = "diff \"${PODS_PODFILE_DIR_PATH}/Podfile.lock\" \"${PODS_ROOT}/Manifest.lock\" > /dev/null\nif [ $? != 0 ] ; then\n    # print error to STDERR\n    echo \"error: The sandbox is not in sync with the Podfile.lock. Run 'pod install' or update your CocoaPods installation.\" >&2\n    exit 1\nfi\n# This output is used by Xcode 'outputs' to avoid re-running this script phase.\necho \"SUCCESS\" > \"${SCRIPT_OUTPUT_FILE_0}\"\n";
			showEnvVarsInLog = 0;
		};
/* End PBXShellScriptBuildPhase section */

/* Begin PBXSourcesBuildPhase section */
		EBE445CF2708187B00452E2E /* Sources */ = {
			isa = PBXSourcesBuildPhase;
			buildActionMask = 2147483647;
			files = (
				EBE4461C2708CC6400452E2E /* Center.swift in Sources */,
				EBE446202708CCA000452E2E /* BusinessSearchResponse.swift in Sources */,
				EBE446092708195200452E2E /* AppCoordinator.swift in Sources */,
				EBE4461527081E1900452E2E /* YelpFusionAPIService.swift in Sources */,
				EBE4461E2708CC8500452E2E /* Coordinates.swift in Sources */,
				EBE4460D27081A2B00452E2E /* MainCoordinator.swift in Sources */,
				EBE4462827090CEE00452E2E /* BusinessListViewController.swift in Sources */,
				EBE446242708CCE800452E2E /* Location.swift in Sources */,
				EBE4460A2708195200452E2E /* Coordinator.swift in Sources */,
				EBE445D72708187B00452E2E /* AppDelegate.swift in Sources */,
				EBE446262708D1B000452E2E /* LocationService.swift in Sources */,
				EBE446182708CBD300452E2E /* Business.swift in Sources */,
				EBE445D92708187B00452E2E /* SceneDelegate.swift in Sources */,
				EBE446222708CCC300452E2E /* Region.swift in Sources */,
				EBE4461027081A4D00452E2E /* UIStoryboard+Extensions.swift in Sources */,
				EBE4462A27090D2000452E2E /* BusinessListViewModel.swift in Sources */,
				EBE4461A2708CC3F00452E2E /* YelpCategory.swift in Sources */,
			);
			runOnlyForDeploymentPostprocessing = 0;
		};
		EBE445E52708187D00452E2E /* Sources */ = {
			isa = PBXSourcesBuildPhase;
			buildActionMask = 2147483647;
			files = (
				EBE445EE2708187D00452E2E /* AirVetMacyTests.swift in Sources */,
			);
			runOnlyForDeploymentPostprocessing = 0;
		};
		EBE445F02708187D00452E2E /* Sources */ = {
			isa = PBXSourcesBuildPhase;
			buildActionMask = 2147483647;
			files = (
				EBE445F92708187D00452E2E /* AirVetMacyUITests.swift in Sources */,
			);
			runOnlyForDeploymentPostprocessing = 0;
		};
/* End PBXSourcesBuildPhase section */

/* Begin PBXTargetDependency section */
		EBE445EB2708187D00452E2E /* PBXTargetDependency */ = {
			isa = PBXTargetDependency;
			target = EBE445D22708187B00452E2E /* AirVetMacy */;
			targetProxy = EBE445EA2708187D00452E2E /* PBXContainerItemProxy */;
		};
		EBE445F62708187D00452E2E /* PBXTargetDependency */ = {
			isa = PBXTargetDependency;
			target = EBE445D22708187B00452E2E /* AirVetMacy */;
			targetProxy = EBE445F52708187D00452E2E /* PBXContainerItemProxy */;
		};
/* End PBXTargetDependency section */

/* Begin PBXVariantGroup section */
		EBE445E12708187D00452E2E /* LaunchScreen.storyboard */ = {
			isa = PBXVariantGroup;
			children = (
				EBE445E22708187D00452E2E /* Base */,
			);
			name = LaunchScreen.storyboard;
			sourceTree = "<group>";
		};
/* End PBXVariantGroup section */

/* Begin XCBuildConfiguration section */
		EBE445FB2708187D00452E2E /* Debug */ = {
			isa = XCBuildConfiguration;
			buildSettings = {
				ALWAYS_SEARCH_USER_PATHS = NO;
				CLANG_ANALYZER_NONNULL = YES;
				CLANG_ANALYZER_NUMBER_OBJECT_CONVERSION = YES_AGGRESSIVE;
				CLANG_CXX_LANGUAGE_STANDARD = "gnu++14";
				CLANG_CXX_LIBRARY = "libc++";
				CLANG_ENABLE_MODULES = YES;
				CLANG_ENABLE_OBJC_ARC = YES;
				CLANG_ENABLE_OBJC_WEAK = YES;
				CLANG_WARN_BLOCK_CAPTURE_AUTORELEASING = YES;
				CLANG_WARN_BOOL_CONVERSION = YES;
				CLANG_WARN_COMMA = YES;
				CLANG_WARN_CONSTANT_CONVERSION = YES;
				CLANG_WARN_DEPRECATED_OBJC_IMPLEMENTATIONS = YES;
				CLANG_WARN_DIRECT_OBJC_ISA_USAGE = YES_ERROR;
				CLANG_WARN_DOCUMENTATION_COMMENTS = YES;
				CLANG_WARN_EMPTY_BODY = YES;
				CLANG_WARN_ENUM_CONVERSION = YES;
				CLANG_WARN_INFINITE_RECURSION = YES;
				CLANG_WARN_INT_CONVERSION = YES;
				CLANG_WARN_NON_LITERAL_NULL_CONVERSION = YES;
				CLANG_WARN_OBJC_IMPLICIT_RETAIN_SELF = YES;
				CLANG_WARN_OBJC_LITERAL_CONVERSION = YES;
				CLANG_WARN_OBJC_ROOT_CLASS = YES_ERROR;
				CLANG_WARN_QUOTED_INCLUDE_IN_FRAMEWORK_HEADER = YES;
				CLANG_WARN_RANGE_LOOP_ANALYSIS = YES;
				CLANG_WARN_STRICT_PROTOTYPES = YES;
				CLANG_WARN_SUSPICIOUS_MOVE = YES;
				CLANG_WARN_UNGUARDED_AVAILABILITY = YES_AGGRESSIVE;
				CLANG_WARN_UNREACHABLE_CODE = YES;
				CLANG_WARN__DUPLICATE_METHOD_MATCH = YES;
				COPY_PHASE_STRIP = NO;
				DEBUG_INFORMATION_FORMAT = dwarf;
				ENABLE_STRICT_OBJC_MSGSEND = YES;
				ENABLE_TESTABILITY = YES;
				GCC_C_LANGUAGE_STANDARD = gnu11;
				GCC_DYNAMIC_NO_PIC = NO;
				GCC_NO_COMMON_BLOCKS = YES;
				GCC_OPTIMIZATION_LEVEL = 0;
				GCC_PREPROCESSOR_DEFINITIONS = (
					"DEBUG=1",
					"$(inherited)",
				);
				GCC_WARN_64_TO_32_BIT_CONVERSION = YES;
				GCC_WARN_ABOUT_RETURN_TYPE = YES_ERROR;
				GCC_WARN_UNDECLARED_SELECTOR = YES;
				GCC_WARN_UNINITIALIZED_AUTOS = YES_AGGRESSIVE;
				GCC_WARN_UNUSED_FUNCTION = YES;
				GCC_WARN_UNUSED_VARIABLE = YES;
				IPHONEOS_DEPLOYMENT_TARGET = 14.5;
				MTL_ENABLE_DEBUG_INFO = INCLUDE_SOURCE;
				MTL_FAST_MATH = YES;
				ONLY_ACTIVE_ARCH = YES;
				SDKROOT = iphoneos;
				SWIFT_ACTIVE_COMPILATION_CONDITIONS = DEBUG;
				SWIFT_OPTIMIZATION_LEVEL = "-Onone";
			};
			name = Debug;
		};
		EBE445FC2708187D00452E2E /* Release */ = {
			isa = XCBuildConfiguration;
			buildSettings = {
				ALWAYS_SEARCH_USER_PATHS = NO;
				CLANG_ANALYZER_NONNULL = YES;
				CLANG_ANALYZER_NUMBER_OBJECT_CONVERSION = YES_AGGRESSIVE;
				CLANG_CXX_LANGUAGE_STANDARD = "gnu++14";
				CLANG_CXX_LIBRARY = "libc++";
				CLANG_ENABLE_MODULES = YES;
				CLANG_ENABLE_OBJC_ARC = YES;
				CLANG_ENABLE_OBJC_WEAK = YES;
				CLANG_WARN_BLOCK_CAPTURE_AUTORELEASING = YES;
				CLANG_WARN_BOOL_CONVERSION = YES;
				CLANG_WARN_COMMA = YES;
				CLANG_WARN_CONSTANT_CONVERSION = YES;
				CLANG_WARN_DEPRECATED_OBJC_IMPLEMENTATIONS = YES;
				CLANG_WARN_DIRECT_OBJC_ISA_USAGE = YES_ERROR;
				CLANG_WARN_DOCUMENTATION_COMMENTS = YES;
				CLANG_WARN_EMPTY_BODY = YES;
				CLANG_WARN_ENUM_CONVERSION = YES;
				CLANG_WARN_INFINITE_RECURSION = YES;
				CLANG_WARN_INT_CONVERSION = YES;
				CLANG_WARN_NON_LITERAL_NULL_CONVERSION = YES;
				CLANG_WARN_OBJC_IMPLICIT_RETAIN_SELF = YES;
				CLANG_WARN_OBJC_LITERAL_CONVERSION = YES;
				CLANG_WARN_OBJC_ROOT_CLASS = YES_ERROR;
				CLANG_WARN_QUOTED_INCLUDE_IN_FRAMEWORK_HEADER = YES;
				CLANG_WARN_RANGE_LOOP_ANALYSIS = YES;
				CLANG_WARN_STRICT_PROTOTYPES = YES;
				CLANG_WARN_SUSPICIOUS_MOVE = YES;
				CLANG_WARN_UNGUARDED_AVAILABILITY = YES_AGGRESSIVE;
				CLANG_WARN_UNREACHABLE_CODE = YES;
				CLANG_WARN__DUPLICATE_METHOD_MATCH = YES;
				COPY_PHASE_STRIP = NO;
				DEBUG_INFORMATION_FORMAT = "dwarf-with-dsym";
				ENABLE_NS_ASSERTIONS = NO;
				ENABLE_STRICT_OBJC_MSGSEND = YES;
				GCC_C_LANGUAGE_STANDARD = gnu11;
				GCC_NO_COMMON_BLOCKS = YES;
				GCC_WARN_64_TO_32_BIT_CONVERSION = YES;
				GCC_WARN_ABOUT_RETURN_TYPE = YES_ERROR;
				GCC_WARN_UNDECLARED_SELECTOR = YES;
				GCC_WARN_UNINITIALIZED_AUTOS = YES_AGGRESSIVE;
				GCC_WARN_UNUSED_FUNCTION = YES;
				GCC_WARN_UNUSED_VARIABLE = YES;
				IPHONEOS_DEPLOYMENT_TARGET = 14.5;
				MTL_ENABLE_DEBUG_INFO = NO;
				MTL_FAST_MATH = YES;
				SDKROOT = iphoneos;
				SWIFT_COMPILATION_MODE = wholemodule;
				SWIFT_OPTIMIZATION_LEVEL = "-O";
				VALIDATE_PRODUCT = YES;
			};
			name = Release;
		};
		EBE445FE2708187D00452E2E /* Debug */ = {
			isa = XCBuildConfiguration;
			baseConfigurationReference = FB0CEEA1ECB600F977125371 /* Pods-AirVetMacy.debug.xcconfig */;
			buildSettings = {
				ASSETCATALOG_COMPILER_APPICON_NAME = AppIcon;
				ASSETCATALOG_COMPILER_GLOBAL_ACCENT_COLOR_NAME = AccentColor;
				CODE_SIGN_STYLE = Automatic;
				DEVELOPMENT_TEAM = Z42862QX7H;
				INFOPLIST_FILE = AirVetMacy/Info.plist;
				LD_RUNPATH_SEARCH_PATHS = (
					"$(inherited)",
					"@executable_path/Frameworks",
				);
				PRODUCT_BUNDLE_IDENTIFIER = com.macy.AirVetMacy;
				PRODUCT_NAME = "$(TARGET_NAME)";
				SWIFT_VERSION = 5.0;
				TARGETED_DEVICE_FAMILY = "1,2";
			};
			name = Debug;
		};
		EBE445FF2708187D00452E2E /* Release */ = {
			isa = XCBuildConfiguration;
			baseConfigurationReference = B4DAF6D8354159B26AFEA293 /* Pods-AirVetMacy.release.xcconfig */;
			buildSettings = {
				ASSETCATALOG_COMPILER_APPICON_NAME = AppIcon;
				ASSETCATALOG_COMPILER_GLOBAL_ACCENT_COLOR_NAME = AccentColor;
				CODE_SIGN_STYLE = Automatic;
				DEVELOPMENT_TEAM = Z42862QX7H;
				INFOPLIST_FILE = AirVetMacy/Info.plist;
				LD_RUNPATH_SEARCH_PATHS = (
					"$(inherited)",
					"@executable_path/Frameworks",
				);
				PRODUCT_BUNDLE_IDENTIFIER = com.macy.AirVetMacy;
				PRODUCT_NAME = "$(TARGET_NAME)";
				SWIFT_VERSION = 5.0;
				TARGETED_DEVICE_FAMILY = "1,2";
			};
			name = Release;
		};
		EBE446012708187D00452E2E /* Debug */ = {
			isa = XCBuildConfiguration;
			baseConfigurationReference = F438B162414CC261D7D7C104 /* Pods-AirVetMacyTests.debug.xcconfig */;
			buildSettings = {
				ALWAYS_EMBED_SWIFT_STANDARD_LIBRARIES = YES;
				BUNDLE_LOADER = "$(TEST_HOST)";
				CODE_SIGN_STYLE = Automatic;
				INFOPLIST_FILE = AirVetMacyTests/Info.plist;
				IPHONEOS_DEPLOYMENT_TARGET = 14.5;
				LD_RUNPATH_SEARCH_PATHS = (
					"$(inherited)",
					"@executable_path/Frameworks",
					"@loader_path/Frameworks",
				);
				PRODUCT_BUNDLE_IDENTIFIER = com.macy.AirVetMacyTests;
				PRODUCT_NAME = "$(TARGET_NAME)";
				SWIFT_VERSION = 5.0;
				TARGETED_DEVICE_FAMILY = "1,2";
				TEST_HOST = "$(BUILT_PRODUCTS_DIR)/AirVetMacy.app/AirVetMacy";
			};
			name = Debug;
		};
		EBE446022708187D00452E2E /* Release */ = {
			isa = XCBuildConfiguration;
			baseConfigurationReference = 14131E6368051D2F814CEF88 /* Pods-AirVetMacyTests.release.xcconfig */;
			buildSettings = {
				ALWAYS_EMBED_SWIFT_STANDARD_LIBRARIES = YES;
				BUNDLE_LOADER = "$(TEST_HOST)";
				CODE_SIGN_STYLE = Automatic;
				INFOPLIST_FILE = AirVetMacyTests/Info.plist;
				IPHONEOS_DEPLOYMENT_TARGET = 14.5;
				LD_RUNPATH_SEARCH_PATHS = (
					"$(inherited)",
					"@executable_path/Frameworks",
					"@loader_path/Frameworks",
				);
				PRODUCT_BUNDLE_IDENTIFIER = com.macy.AirVetMacyTests;
				PRODUCT_NAME = "$(TARGET_NAME)";
				SWIFT_VERSION = 5.0;
				TARGETED_DEVICE_FAMILY = "1,2";
				TEST_HOST = "$(BUILT_PRODUCTS_DIR)/AirVetMacy.app/AirVetMacy";
			};
			name = Release;
		};
		EBE446042708187D00452E2E /* Debug */ = {
			isa = XCBuildConfiguration;
			baseConfigurationReference = 2F93B7C5EF150072F1E80293 /* Pods-AirVetMacy-AirVetMacyUITests.debug.xcconfig */;
			buildSettings = {
				ALWAYS_EMBED_SWIFT_STANDARD_LIBRARIES = YES;
				CODE_SIGN_STYLE = Automatic;
				INFOPLIST_FILE = AirVetMacyUITests/Info.plist;
				LD_RUNPATH_SEARCH_PATHS = (
					"$(inherited)",
					"@executable_path/Frameworks",
					"@loader_path/Frameworks",
				);
				PRODUCT_BUNDLE_IDENTIFIER = com.macy.AirVetMacyUITests;
				PRODUCT_NAME = "$(TARGET_NAME)";
				SWIFT_VERSION = 5.0;
				TARGETED_DEVICE_FAMILY = "1,2";
				TEST_TARGET_NAME = AirVetMacy;
			};
			name = Debug;
		};
		EBE446052708187D00452E2E /* Release */ = {
			isa = XCBuildConfiguration;
			baseConfigurationReference = C195382DC77E13F997A719B7 /* Pods-AirVetMacy-AirVetMacyUITests.release.xcconfig */;
			buildSettings = {
				ALWAYS_EMBED_SWIFT_STANDARD_LIBRARIES = YES;
				CODE_SIGN_STYLE = Automatic;
				INFOPLIST_FILE = AirVetMacyUITests/Info.plist;
				LD_RUNPATH_SEARCH_PATHS = (
					"$(inherited)",
					"@executable_path/Frameworks",
					"@loader_path/Frameworks",
				);
				PRODUCT_BUNDLE_IDENTIFIER = com.macy.AirVetMacyUITests;
				PRODUCT_NAME = "$(TARGET_NAME)";
				SWIFT_VERSION = 5.0;
				TARGETED_DEVICE_FAMILY = "1,2";
				TEST_TARGET_NAME = AirVetMacy;
			};
			name = Release;
		};
/* End XCBuildConfiguration section */

/* Begin XCConfigurationList section */
		EBE445CE2708187B00452E2E /* Build configuration list for PBXProject "AirVetMacy" */ = {
			isa = XCConfigurationList;
			buildConfigurations = (
				EBE445FB2708187D00452E2E /* Debug */,
				EBE445FC2708187D00452E2E /* Release */,
			);
			defaultConfigurationIsVisible = 0;
			defaultConfigurationName = Release;
		};
		EBE445FD2708187D00452E2E /* Build configuration list for PBXNativeTarget "AirVetMacy" */ = {
			isa = XCConfigurationList;
			buildConfigurations = (
				EBE445FE2708187D00452E2E /* Debug */,
				EBE445FF2708187D00452E2E /* Release */,
			);
			defaultConfigurationIsVisible = 0;
			defaultConfigurationName = Release;
		};
		EBE446002708187D00452E2E /* Build configuration list for PBXNativeTarget "AirVetMacyTests" */ = {
			isa = XCConfigurationList;
			buildConfigurations = (
				EBE446012708187D00452E2E /* Debug */,
				EBE446022708187D00452E2E /* Release */,
			);
			defaultConfigurationIsVisible = 0;
			defaultConfigurationName = Release;
		};
		EBE446032708187D00452E2E /* Build configuration list for PBXNativeTarget "AirVetMacyUITests" */ = {
			isa = XCConfigurationList;
			buildConfigurations = (
				EBE446042708187D00452E2E /* Debug */,
				EBE446052708187D00452E2E /* Release */,
			);
			defaultConfigurationIsVisible = 0;
			defaultConfigurationName = Release;
		};
/* End XCConfigurationList section */
	};
	rootObject = EBE445CB2708187B00452E2E /* Project object */;
}
